
Microsoft Visual Studio Solution File, Format Version 12.00
Project("{FAE04EC0-301F-11D3-BF4B-00C04F79EFBC}") = "ACD.Parser", "ACD.Parser\ACD.Parser.csproj", "{20BA451B-8304-47AC-865B-0D676D11A24A}"
EndProject
Project("{FAE04EC0-301F-11D3-BF4B-00C04F79EFBC}") = "ACD.Logic", "ACD.Logic\ACD.Logic.csproj", "{D133EF37-1CF8-4665-BEEB-E1F49FE02CCE}"
EndProject
Global
	GlobalSection(SolutionConfigurationPlatforms) = preSolution
		Debug|Any CPU = Debug|Any CPU
		Release|Any CPU = Release|Any CPU
	EndGlobalSection
	GlobalSection(ProjectConfigurationPlatforms) = postSolution
		{20BA451B-8304-47AC-865B-0D676D11A24A}.Debug|Any CPU.ActiveCfg = Debug|Any CPU
		{20BA451B-8304-47AC-865B-0D676D11A24A}.Debug|Any CPU.Build.0 = Debug|Any CPU
		{20BA451B-8304-47AC-865B-0D676D11A24A}.Release|Any CPU.ActiveCfg = Release|Any CPU
		{20BA451B-8304-47AC-865B-0D676D11A24A}.Release|Any CPU.Build.0 = Release|Any CPU
		{D133EF37-1CF8-4665-BEEB-E1F49FE02CCE}.Debug|Any CPU.ActiveCfg = Debug|Any CPU
		{D133EF37-1CF8-4665-BEEB-E1F49FE02CCE}.Debug|Any CPU.Build.0 = Debug|Any CPU
		{D133EF37-1CF8-4665-BEEB-E1F49FE02CCE}.Release|Any CPU.ActiveCfg = Release|Any CPU
		{D133EF37-1CF8-4665-BEEB-E1F49FE02CCE}.Release|Any CPU.Build.0 = Release|Any CPU
	EndGlobalSection
EndGlobal
